// !$*UTF8*$!
{
	archiveVersion = 1;
	classes = {
	};
	objectVersion = 55;
	objects = {

/* Begin PBXBuildFile section */
		8D47E6AD2849378900651518 /* Sort_the_Jumbled_Numbers.swift in Sources */ = {isa = PBXBuildFile; fileRef = 8D47E6AC2849378900651518 /* Sort_the_Jumbled_Numbers.swift */; };
		8D47E6AF284A2F8F00651518 /* Rearrange_words_in_sentence.swift in Sources */ = {isa = PBXBuildFile; fileRef = 8D47E6AE284A2F8F00651518 /* Rearrange_words_in_sentence.swift */; };
		8D6A7F1C28441A5600C98D87 /* main.swift in Sources */ = {isa = PBXBuildFile; fileRef = 8D6A7F1B28441A5600C98D87 /* main.swift */; };
		8D6A7F2328441AF700C98D87 /* Shortest Palindrome.swift in Sources */ = {isa = PBXBuildFile; fileRef = 8D6A7F2228441AF700C98D87 /* Shortest Palindrome.swift */; };
		8DABDE54284B329500B42ECD /* Smallest_Index_With_Equal_Value.swift in Sources */ = {isa = PBXBuildFile; fileRef = 8DABDE53284B329500B42ECD /* Smallest_Index_With_Equal_Value.swift */; };
/* End PBXBuildFile section */

/* Begin PBXCopyFilesBuildPhase section */
		8D6A7F1628441A5600C98D87 /* CopyFiles */ = {
			isa = PBXCopyFilesBuildPhase;
			buildActionMask = 2147483647;
			dstPath = /usr/share/man/man1/;
			dstSubfolderSpec = 0;
			files = (
			);
			runOnlyForDeploymentPostprocessing = 1;
		};
/* End PBXCopyFilesBuildPhase section */

/* Begin PBXFileReference section */
		8D47E6AC2849378900651518 /* Sort_the_Jumbled_Numbers.swift */ = {isa = PBXFileReference; lastKnownFileType = sourcecode.swift; path = Sort_the_Jumbled_Numbers.swift; sourceTree = "<group>"; };
		8D47E6AE284A2F8F00651518 /* Rearrange_words_in_sentence.swift */ = {isa = PBXFileReference; lastKnownFileType = sourcecode.swift; path = Rearrange_words_in_sentence.swift; sourceTree = "<group>"; };
		8D6A7F1828441A5600C98D87 /* DailyChallenge */ = {isa = PBXFileReference; explicitFileType = "compiled.mach-o.executable"; includeInIndex = 0; path = DailyChallenge; sourceTree = BUILT_PRODUCTS_DIR; };
		8D6A7F1B28441A5600C98D87 /* main.swift */ = {isa = PBXFileReference; lastKnownFileType = sourcecode.swift; path = main.swift; sourceTree = "<group>"; };
		8D6A7F2228441AF700C98D87 /* Shortest Palindrome.swift */ = {isa = PBXFileReference; lastKnownFileType = sourcecode.swift; path = "Shortest Palindrome.swift"; sourceTree = "<group>"; };
		8DABDE53284B329500B42ECD /* Smallest_Index_With_Equal_Value.swift */ = {isa = PBXFileReference; lastKnownFileType = sourcecode.swift; path = Smallest_Index_With_Equal_Value.swift; sourceTree = "<group>"; };
/* End PBXFileReference section */

/* Begin PBXFrameworksBuildPhase section */
		8D6A7F1528441A5600C98D87 /* Frameworks */ = {
			isa = PBXFrameworksBuildPhase;
			buildActionMask = 2147483647;
			files = (
			);
			runOnlyForDeploymentPostprocessing = 0;
		};
/* End PBXFrameworksBuildPhase section */

/* Begin PBXGroup section */
		8D6A7F0F28441A5600C98D87 = {
			isa = PBXGroup;
			children = (
				8D6A7F1A28441A5600C98D87 /* DailyChallenge */,
				8D6A7F1928441A5600C98D87 /* Products */,
			);
			sourceTree = "<group>";
		};
		8D6A7F1928441A5600C98D87 /* Products */ = {
			isa = PBXGroup;
			children = (
				8D6A7F1828441A5600C98D87 /* DailyChallenge */,
			);
			name = Products;
			sourceTree = "<group>";
		};
		8D6A7F1A28441A5600C98D87 /* DailyChallenge */ = {
			isa = PBXGroup;
			children = (
				8D6A7F1B28441A5600C98D87 /* main.swift */,
				8D6A7F2228441AF700C98D87 /* Shortest Palindrome.swift */,
				8D47E6AC2849378900651518 /* Sort_the_Jumbled_Numbers.swift */,
				8D47E6AE284A2F8F00651518 /* Rearrange_words_in_sentence.swift */,
				8DABDE53284B329500B42ECD /* Smallest_Index_With_Equal_Value.swift */,
			);
			path = DailyChallenge;
			sourceTree = "<group>";
		};
/* End PBXGroup section */

/* Begin PBXNativeTarget section */
		8D6A7F1728441A5600C98D87 /* DailyChallenge */ = {
			isa = PBXNativeTarget;
			buildConfigurationList = 8D6A7F1F28441A5600C98D87 /* Build configuration list for PBXNativeTarget "DailyChallenge" */;
			buildPhases = (
				8D6A7F1428441A5600C98D87 /* Sources */,
				8D6A7F1528441A5600C98D87 /* Frameworks */,
				8D6A7F1628441A5600C98D87 /* CopyFiles */,
			);
			buildRules = (
			);
			dependencies = (
			);
			name = DailyChallenge;
			productName = DailyChallenge;
			productReference = 8D6A7F1828441A5600C98D87 /* DailyChallenge */;
			productType = "com.apple.product-type.tool";
		};
/* End PBXNativeTarget section */

/* Begin PBXProject section */
		8D6A7F1028441A5600C98D87 /* Project object */ = {
			isa = PBXProject;
			attributes = {
				BuildIndependentTargetsInParallel = 1;
				LastSwiftUpdateCheck = 1330;
				LastUpgradeCheck = 1330;
				TargetAttributes = {
					8D6A7F1728441A5600C98D87 = {
						CreatedOnToolsVersion = 13.3;
					};
				};
			};
			buildConfigurationList = 8D6A7F1328441A5600C98D87 /* Build configuration list for PBXProject "DailyChallenge" */;
			compatibilityVersion = "Xcode 13.0";
			developmentRegion = en;
			hasScannedForEncodings = 0;
			knownRegions = (
				en,
				Base,
			);
			mainGroup = 8D6A7F0F28441A5600C98D87;
			productRefGroup = 8D6A7F1928441A5600C98D87 /* Products */;
			projectDirPath = "";
			projectRoot = "";
			targets = (
				8D6A7F1728441A5600C98D87 /* DailyChallenge */,
			);
		};
/* End PBXProject section */

/* Begin PBXSourcesBuildPhase section */
		8D6A7F1428441A5600C98D87 /* Sources */ = {
			isa = PBXSourcesBuildPhase;
			buildActionMask = 2147483647;
			files = (
				8D47E6AD2849378900651518 /* Sort_the_Jumbled_Numbers.swift in Sources */,
				8D47E6AF284A2F8F00651518 /* Rearrange_words_in_sentence.swift in Sources */,
				8D6A7F1C28441A5600C98D87 /* main.swift in Sources */,
				8D6A7F2328441AF700C98D87 /* Shortest Palindrome.swift in Sources */,
				8DABDE54284B329500B42ECD /* Smallest_Index_With_Equal_Value.swift in Sources */,
			);
			runOnlyForDeploymentPostprocessing = 0;
		};
/* End PBXSourcesBuildPhase section */

/* Begin XCBuildConfiguration section */
		8D6A7F1D28441A5600C98D87 /* Debug */ = {
			isa = XCBuildConfiguration;
			buildSettings = {
				ALWAYS_SEARCH_USER_PATHS = NO;
				CLANG_ANALYZER_NONNULL = YES;
				CLANG_ANALYZER_NUMBER_OBJECT_CONVERSION = YES_AGGRESSIVE;
				CLANG_CXX_LANGUAGE_STANDARD = "gnu++17";
				CLANG_ENABLE_MODULES = YES;
				CLANG_ENABLE_OBJC_ARC = YES;
				CLANG_ENABLE_OBJC_WEAK = YES;
				CLANG_WARN_BLOCK_CAPTURE_AUTORELEASING = YES;
				CLANG_WARN_BOOL_CONVERSION = YES;
				CLANG_WARN_COMMA = YES;
				CLANG_WARN_CONSTANT_CONVERSION = YES;
				CLANG_WARN_DEPRECATED_OBJC_IMPLEMENTATIONS = YES;
				CLANG_WARN_DIRECT_OBJC_ISA_USAGE = YES_ERROR;
				CLANG_WARN_DOCUMENTATION_COMMENTS = YES;
				CLANG_WARN_EMPTY_BODY = YES;
				CLANG_WARN_ENUM_CONVERSION = YES;
				CLANG_WARN_INFINITE_RECURSION = YES;
				CLANG_WARN_INT_CONVERSION = YES;
				CLANG_WARN_NON_LITERAL_NULL_CONVERSION = YES;
				CLANG_WARN_OBJC_IMPLICIT_RETAIN_SELF = YES;
				CLANG_WARN_OBJC_LITERAL_CONVERSION = YES;
				CLANG_WARN_OBJC_ROOT_CLASS = YES_ERROR;
				CLANG_WARN_QUOTED_INCLUDE_IN_FRAMEWORK_HEADER = YES;
				CLANG_WARN_RANGE_LOOP_ANALYSIS = YES;
				CLANG_WARN_STRICT_PROTOTYPES = YES;
				CLANG_WARN_SUSPICIOUS_MOVE = YES;
				CLANG_WARN_UNGUARDED_AVAILABILITY = YES_AGGRESSIVE;
				CLANG_WARN_UNREACHABLE_CODE = YES;
				CLANG_WARN__DUPLICATE_METHOD_MATCH = YES;
				COPY_PHASE_STRIP = NO;
				DEBUG_INFORMATION_FORMAT = dwarf;
				ENABLE_STRICT_OBJC_MSGSEND = YES;
				ENABLE_TESTABILITY = YES;
				GCC_C_LANGUAGE_STANDARD = gnu11;
				GCC_DYNAMIC_NO_PIC = NO;
				GCC_NO_COMMON_BLOCKS = YES;
				GCC_OPTIMIZATION_LEVEL = 0;
				GCC_PREPROCESSOR_DEFINITIONS = (
					"DEBUG=1",
					"$(inherited)",
				);
				GCC_WARN_64_TO_32_BIT_CONVERSION = YES;
				GCC_WARN_ABOUT_RETURN_TYPE = YES_ERROR;
				GCC_WARN_UNDECLARED_SELECTOR = YES;
				GCC_WARN_UNINITIALIZED_AUTOS = YES_AGGRESSIVE;
				GCC_WARN_UNUSED_FUNCTION = YES;
				GCC_WARN_UNUSED_VARIABLE = YES;
				MACOSX_DEPLOYMENT_TARGET = 12.3;
				MTL_ENABLE_DEBUG_INFO = INCLUDE_SOURCE;
				MTL_FAST_MATH = YES;
				ONLY_ACTIVE_ARCH = YES;
				SDKROOT = macosx;
				SWIFT_ACTIVE_COMPILATION_CONDITIONS = DEBUG;
				SWIFT_OPTIMIZATION_LEVEL = "-Onone";
			};
			name = Debug;
		};
		8D6A7F1E28441A5600C98D87 /* Release */ = {
			isa = XCBuildConfiguration;
			buildSettings = {
				ALWAYS_SEARCH_USER_PATHS = NO;
				CLANG_ANALYZER_NONNULL = YES;
				CLANG_ANALYZER_NUMBER_OBJECT_CONVERSION = YES_AGGRESSIVE;
				CLANG_CXX_LANGUAGE_STANDARD = "gnu++17";
				CLANG_ENABLE_MODULES = YES;
				CLANG_ENABLE_OBJC_ARC = YES;
				CLANG_ENABLE_OBJC_WEAK = YES;
				CLANG_WARN_BLOCK_CAPTURE_AUTORELEASING = YES;
				CLANG_WARN_BOOL_CONVERSION = YES;
				CLANG_WARN_COMMA = YES;
				CLANG_WARN_CONSTANT_CONVERSION = YES;
				CLANG_WARN_DEPRECATED_OBJC_IMPLEMENTATIONS = YES;
				CLANG_WARN_DIRECT_OBJC_ISA_USAGE = YES_ERROR;
				CLANG_WARN_DOCUMENTATION_COMMENTS = YES;
				CLANG_WARN_EMPTY_BODY = YES;
				CLANG_WARN_ENUM_CONVERSION = YES;
				CLANG_WARN_INFINITE_RECURSION = YES;
				CLANG_WARN_INT_CONVERSION = YES;
				CLANG_WARN_NON_LITERAL_NULL_CONVERSION = YES;
				CLANG_WARN_OBJC_IMPLICIT_RETAIN_SELF = YES;
				CLANG_WARN_OBJC_LITERAL_CONVERSION = YES;
				CLANG_WARN_OBJC_ROOT_CLASS = YES_ERROR;
				CLANG_WARN_QUOTED_INCLUDE_IN_FRAMEWORK_HEADER = YES;
				CLANG_WARN_RANGE_LOOP_ANALYSIS = YES;
				CLANG_WARN_STRICT_PROTOTYPES = YES;
				CLANG_WARN_SUSPICIOUS_MOVE = YES;
				CLANG_WARN_UNGUARDED_AVAILABILITY = YES_AGGRESSIVE;
				CLANG_WARN_UNREACHABLE_CODE = YES;
				CLANG_WARN__DUPLICATE_METHOD_MATCH = YES;
				COPY_PHASE_STRIP = NO;
				DEBUG_INFORMATION_FORMAT = "dwarf-with-dsym";
				ENABLE_NS_ASSERTIONS = NO;
				ENABLE_STRICT_OBJC_MSGSEND = YES;
				GCC_C_LANGUAGE_STANDARD = gnu11;
				GCC_NO_COMMON_BLOCKS = YES;
				GCC_WARN_64_TO_32_BIT_CONVERSION = YES;
				GCC_WARN_ABOUT_RETURN_TYPE = YES_ERROR;
				GCC_WARN_UNDECLARED_SELECTOR = YES;
				GCC_WARN_UNINITIALIZED_AUTOS = YES_AGGRESSIVE;
				GCC_WARN_UNUSED_FUNCTION = YES;
				GCC_WARN_UNUSED_VARIABLE = YES;
				MACOSX_DEPLOYMENT_TARGET = 12.3;
				MTL_ENABLE_DEBUG_INFO = NO;
				MTL_FAST_MATH = YES;
				SDKROOT = macosx;
				SWIFT_COMPILATION_MODE = wholemodule;
				SWIFT_OPTIMIZATION_LEVEL = "-O";
			};
			name = Release;
		};
		8D6A7F2028441A5600C98D87 /* Debug */ = {
			isa = XCBuildConfiguration;
			buildSettings = {
				CODE_SIGN_STYLE = Automatic;
				DEVELOPMENT_TEAM = VHAQ5PN89A;
				ENABLE_HARDENED_RUNTIME = YES;
				PRODUCT_NAME = "$(TARGET_NAME)";
				SWIFT_VERSION = 5.0;
			};
			name = Debug;
		};
		8D6A7F2128441A5600C98D87 /* Release */ = {
			isa = XCBuildConfiguration;
			buildSettings = {
				CODE_SIGN_STYLE = Automatic;
				DEVELOPMENT_TEAM = VHAQ5PN89A;
				ENABLE_HARDENED_RUNTIME = YES;
				PRODUCT_NAME = "$(TARGET_NAME)";
				SWIFT_VERSION = 5.0;
			};
			name = Release;
		};
/* End XCBuildConfiguration section */

/* Begin XCConfigurationList section */
		8D6A7F1328441A5600C98D87 /* Build configuration list for PBXProject "DailyChallenge" */ = {
			isa = XCConfigurationList;
			buildConfigurations = (
				8D6A7F1D28441A5600C98D87 /* Debug */,
				8D6A7F1E28441A5600C98D87 /* Release */,
			);
			defaultConfigurationIsVisible = 0;
			defaultConfigurationName = Release;
		};
		8D6A7F1F28441A5600C98D87 /* Build configuration list for PBXNativeTarget "DailyChallenge" */ = {
			isa = XCConfigurationList;
			buildConfigurations = (
				8D6A7F2028441A5600C98D87 /* Debug */,
				8D6A7F2128441A5600C98D87 /* Release */,
			);
			defaultConfigurationIsVisible = 0;
			defaultConfigurationName = Release;
		};
/* End XCConfigurationList section */
	};
	rootObject = 8D6A7F1028441A5600C98D87 /* Project object */;
}
